
Microsoft Visual Studio Solution File, Format Version 12.00
# Visual Studio Version 17
VisualStudioVersion = 17.5.33516.290
MinimumVisualStudioVersion = 10.0.40219.1
Project("{FAE04EC0-301F-11D3-BF4B-00C04F79EFBC}") = "WheelTimer", "HashedWheelTimer\WheelTimer.csproj", "{0ABC7622-F553-4A44-BBB2-4546C650E999}"
EndProject
Project("{FAE04EC0-301F-11D3-BF4B-00C04F79EFBC}") = "WheelTimer.Tests", "WheelTimer.Tests\WheelTimer.Tests.csproj", "{48EA1660-D7DF-406C-8B2D-BFBEE8E4B7EB}"
EndProject
Global
	GlobalSection(SolutionConfigurationPlatforms) = preSolution
		Debug|Any CPU = Debug|Any CPU
		Release|Any CPU = Release|Any CPU
	EndGlobalSection
	GlobalSection(ProjectConfigurationPlatforms) = postSolution
		{0ABC7622-F553-4A44-BBB2-4546C650E999}.Debug|Any CPU.ActiveCfg = Debug|Any CPU
		{0ABC7622-F553-4A44-BBB2-4546C650E999}.Debug|Any CPU.Build.0 = Debug|Any CPU
		{0ABC7622-F553-4A44-BBB2-4546C650E999}.Release|Any CPU.ActiveCfg = Release|Any CPU
		{0ABC7622-F553-4A44-BBB2-4546C650E999}.Release|Any CPU.Build.0 = Release|Any CPU
		{48EA1660-D7DF-406C-8B2D-BFBEE8E4B7EB}.Debug|Any CPU.ActiveCfg = Debug|Any CPU
		{48EA1660-D7DF-406C-8B2D-BFBEE8E4B7EB}.Debug|Any CPU.Build.0 = Debug|Any CPU
		{48EA1660-D7DF-406C-8B2D-BFBEE8E4B7EB}.Release|Any CPU.ActiveCfg = Release|Any CPU
		{48EA1660-D7DF-406C-8B2D-BFBEE8E4B7EB}.Release|Any CPU.Build.0 = Release|Any CPU
	EndGlobalSection
	GlobalSection(SolutionProperties) = preSolution
		HideSolutionNode = FALSE
	EndGlobalSection
	GlobalSection(ExtensibilityGlobals) = postSolution
		SolutionGuid = {87169B70-80D0-455E-B031-E7758E210369}
	EndGlobalSection
EndGlobal
